
Microsoft Visual Studio Solution File, Format Version 12.00
# Visual Studio Version 16
VisualStudioVersion = 16.0.29911.84
MinimumVisualStudioVersion = 10.0.40219.1
Project("{FAE04EC0-301F-11D3-BF4B-00C04F79EFBC}") = "DoctorMeal", "DoctorMeal.csproj", "{3851B713-E9E9-46A0-8940-F22F3F34B63C}"
EndProject
Global
	GlobalSection(SolutionConfigurationPlatforms) = preSolution
		Debug|Any CPU = Debug|Any CPU
		Release|Any CPU = Release|Any CPU
	EndGlobalSection
	GlobalSection(ProjectConfigurationPlatforms) = postSolution
		{3851B713-E9E9-46A0-8940-F22F3F34B63C}.Debug|Any CPU.ActiveCfg = Debug|Any CPU
		{3851B713-E9E9-46A0-8940-F22F3F34B63C}.Debug|Any CPU.Build.0 = Debug|Any CPU
		{3851B713-E9E9-46A0-8940-F22F3F34B63C}.Release|Any CPU.ActiveCfg = Release|Any CPU
		{3851B713-E9E9-46A0-8940-F22F3F34B63C}.Release|Any CPU.Build.0 = Release|Any CPU
	EndGlobalSection
	GlobalSection(SolutionProperties) = preSolution
		HideSolutionNode = FALSE
	EndGlobalSection
	GlobalSection(ExtensibilityGlobals) = postSolution
		SolutionGuid = {76CC0278-20D3-416B-907E-99AA73C0FFEE}
	EndGlobalSection
EndGlobal
